
Microsoft Visual Studio Solution File, Format Version 12.00
# Visual Studio 15
VisualStudioVersion = 15.0.27428.2015
MinimumVisualStudioVersion = 10.0.40219.1
Project("{9A19103F-16F7-4668-BE54-9A1E7A4F7556}") = "DevTest", "DevTest.csproj", "{C150EA98-C228-4213-BA72-6E1D397BFA7B}"
EndProject
Global
	GlobalSection(SolutionConfigurationPlatforms) = preSolution
		Debug|Any CPU = Debug|Any CPU
		Release|Any CPU = Release|Any CPU
	EndGlobalSection
	GlobalSection(ProjectConfigurationPlatforms) = postSolution
		{C150EA98-C228-4213-BA72-6E1D397BFA7B}.Debug|Any CPU.ActiveCfg = Debug|Any CPU
		{C150EA98-C228-4213-BA72-6E1D397BFA7B}.Debug|Any CPU.Build.0 = Debug|Any CPU
		{C150EA98-C228-4213-BA72-6E1D397BFA7B}.Release|Any CPU.ActiveCfg = Release|Any CPU
		{C150EA98-C228-4213-BA72-6E1D397BFA7B}.Release|Any CPU.Build.0 = Release|Any CPU
	EndGlobalSection
	GlobalSection(SolutionProperties) = preSolution
		HideSolutionNode = FALSE
	EndGlobalSection
	GlobalSection(ExtensibilityGlobals) = postSolution
		SolutionGuid = {2393BB14-37F6-42C8-93EB-B0F13282943E}
	EndGlobalSection
EndGlobal
